
Microsoft Visual Studio Solution File, Format Version 12.00
# Visual Studio Version 17
VisualStudioVersion = 17.10.34928.147
MinimumVisualStudioVersion = 10.0.40219.1
Project("{FAE04EC0-301F-11D3-BF4B-00C04F79EFBC}") = "Exercicio03", "Exercicio03\Exercicio03.csproj", "{896CC52E-E2EF-42FB-9901-C2640A297860}"
EndProject
Global
	GlobalSection(SolutionConfigurationPlatforms) = preSolution
		Debug|Any CPU = Debug|Any CPU
		Release|Any CPU = Release|Any CPU
	EndGlobalSection
	GlobalSection(ProjectConfigurationPlatforms) = postSolution
		{896CC52E-E2EF-42FB-9901-C2640A297860}.Debug|Any CPU.ActiveCfg = Debug|Any CPU
		{896CC52E-E2EF-42FB-9901-C2640A297860}.Debug|Any CPU.Build.0 = Debug|Any CPU
		{896CC52E-E2EF-42FB-9901-C2640A297860}.Release|Any CPU.ActiveCfg = Release|Any CPU
		{896CC52E-E2EF-42FB-9901-C2640A297860}.Release|Any CPU.Build.0 = Release|Any CPU
	EndGlobalSection
	GlobalSection(SolutionProperties) = preSolution
		HideSolutionNode = FALSE
	EndGlobalSection
	GlobalSection(ExtensibilityGlobals) = postSolution
		SolutionGuid = {B1DAF908-4379-4836-A170-4E2BED38A7F8}
	EndGlobalSection
EndGlobal
